
Microsoft Visual Studio Solution File, Format Version 12.00
# Visual Studio Version 16
VisualStudioVersion = 16.0.30503.244
MinimumVisualStudioVersion = 10.0.40219.1
Project("{8BC9CEB8-8B4A-11D0-8D11-00A0C91BC942}") = "RectangleEditor_C++", "RectangleEditor\RectangleEditor.vcxproj", "{5E5FADD4-982E-4DCB-9447-16A052A9A91B}"
EndProject
Project("{9A19103F-16F7-4668-BE54-9A1E7A4F7556}") = "RectangleEditor_CSharp", "RectangleEditor_CSharp\RectangleEditor_CSharp.csproj", "{FE0C547D-9BF7-462C-A20A-F31CC166B3F0}"
EndProject
Project("{9A19103F-16F7-4668-BE54-9A1E7A4F7556}") = "RectangleEditor_CSharpTest", "RectangleEditor_CSharpTest\RectangleEditor_CSharpTest.csproj", "{1C3767FA-95E4-4F85-ABBD-E507A8D6D791}"
EndProject
Project("{9A19103F-16F7-4668-BE54-9A1E7A4F7556}") = "RectangleEditor_WinForms", "RectangleEditor_WinForms\RectangleEditor_WinForms.csproj", "{CF116EA5-6FE7-4F8B-B5E9-867B35E1928A}"
EndProject
Global
	GlobalSection(SolutionConfigurationPlatforms) = preSolution
		Debug|Any CPU = Debug|Any CPU
		Debug|x64 = Debug|x64
		Debug|x86 = Debug|x86
		Release|Any CPU = Release|Any CPU
		Release|x64 = Release|x64
		Release|x86 = Release|x86
	EndGlobalSection
	GlobalSection(ProjectConfigurationPlatforms) = postSolution
		{5E5FADD4-982E-4DCB-9447-16A052A9A91B}.Debug|Any CPU.ActiveCfg = Debug|Win32
		{5E5FADD4-982E-4DCB-9447-16A052A9A91B}.Debug|x64.ActiveCfg = Debug|x64
		{5E5FADD4-982E-4DCB-9447-16A052A9A91B}.Debug|x64.Build.0 = Debug|x64
		{5E5FADD4-982E-4DCB-9447-16A052A9A91B}.Debug|x86.ActiveCfg = Debug|Win32
		{5E5FADD4-982E-4DCB-9447-16A052A9A91B}.Debug|x86.Build.0 = Debug|Win32
		{5E5FADD4-982E-4DCB-9447-16A052A9A91B}.Release|Any CPU.ActiveCfg = Release|Win32
		{5E5FADD4-982E-4DCB-9447-16A052A9A91B}.Release|x64.ActiveCfg = Release|x64
		{5E5FADD4-982E-4DCB-9447-16A052A9A91B}.Release|x64.Build.0 = Release|x64
		{5E5FADD4-982E-4DCB-9447-16A052A9A91B}.Release|x86.ActiveCfg = Release|Win32
		{5E5FADD4-982E-4DCB-9447-16A052A9A91B}.Release|x86.Build.0 = Release|Win32
		{FE0C547D-9BF7-462C-A20A-F31CC166B3F0}.Debug|Any CPU.ActiveCfg = Debug|Any CPU
		{FE0C547D-9BF7-462C-A20A-F31CC166B3F0}.Debug|Any CPU.Build.0 = Debug|Any CPU
		{FE0C547D-9BF7-462C-A20A-F31CC166B3F0}.Debug|x64.ActiveCfg = Debug|Any CPU
		{FE0C547D-9BF7-462C-A20A-F31CC166B3F0}.Debug|x64.Build.0 = Debug|Any CPU
		{FE0C547D-9BF7-462C-A20A-F31CC166B3F0}.Debug|x86.ActiveCfg = Debug|Any CPU
		{FE0C547D-9BF7-462C-A20A-F31CC166B3F0}.Debug|x86.Build.0 = Debug|Any CPU
		{FE0C547D-9BF7-462C-A20A-F31CC166B3F0}.Release|Any CPU.ActiveCfg = Release|Any CPU
		{FE0C547D-9BF7-462C-A20A-F31CC166B3F0}.Release|Any CPU.Build.0 = Release|Any CPU
		{FE0C547D-9BF7-462C-A20A-F31CC166B3F0}.Release|x64.ActiveCfg = Release|Any CPU
		{FE0C547D-9BF7-462C-A20A-F31CC166B3F0}.Release|x64.Build.0 = Release|Any CPU
		{FE0C547D-9BF7-462C-A20A-F31CC166B3F0}.Release|x86.ActiveCfg = Release|Any CPU
		{FE0C547D-9BF7-462C-A20A-F31CC166B3F0}.Release|x86.Build.0 = Release|Any CPU
		{1C3767FA-95E4-4F85-ABBD-E507A8D6D791}.Debug|Any CPU.ActiveCfg = Debug|Any CPU
		{1C3767FA-95E4-4F85-ABBD-E507A8D6D791}.Debug|Any CPU.Build.0 = Debug|Any CPU
		{1C3767FA-95E4-4F85-ABBD-E507A8D6D791}.Debug|x64.ActiveCfg = Debug|Any CPU
		{1C3767FA-95E4-4F85-ABBD-E507A8D6D791}.Debug|x64.Build.0 = Debug|Any CPU
		{1C3767FA-95E4-4F85-ABBD-E507A8D6D791}.Debug|x86.ActiveCfg = Debug|Any CPU
		{1C3767FA-95E4-4F85-ABBD-E507A8D6D791}.Debug|x86.Build.0 = Debug|Any CPU
		{1C3767FA-95E4-4F85-ABBD-E507A8D6D791}.Release|Any CPU.ActiveCfg = Release|Any CPU
		{1C3767FA-95E4-4F85-ABBD-E507A8D6D791}.Release|Any CPU.Build.0 = Release|Any CPU
		{1C3767FA-95E4-4F85-ABBD-E507A8D6D791}.Release|x64.ActiveCfg = Release|Any CPU
		{1C3767FA-95E4-4F85-ABBD-E507A8D6D791}.Release|x64.Build.0 = Release|Any CPU
		{1C3767FA-95E4-4F85-ABBD-E507A8D6D791}.Release|x86.ActiveCfg = Release|Any CPU
		{1C3767FA-95E4-4F85-ABBD-E507A8D6D791}.Release|x86.Build.0 = Release|Any CPU
		{CF116EA5-6FE7-4F8B-B5E9-867B35E1928A}.Debug|Any CPU.ActiveCfg = Debug|Any CPU
		{CF116EA5-6FE7-4F8B-B5E9-867B35E1928A}.Debug|Any CPU.Build.0 = Debug|Any CPU
		{CF116EA5-6FE7-4F8B-B5E9-867B35E1928A}.Debug|x64.ActiveCfg = Debug|Any CPU
		{CF116EA5-6FE7-4F8B-B5E9-867B35E1928A}.Debug|x64.Build.0 = Debug|Any CPU
		{CF116EA5-6FE7-4F8B-B5E9-867B35E1928A}.Debug|x86.ActiveCfg = Debug|Any CPU
		{CF116EA5-6FE7-4F8B-B5E9-867B35E1928A}.Debug|x86.Build.0 = Debug|Any CPU
		{CF116EA5-6FE7-4F8B-B5E9-867B35E1928A}.Release|Any CPU.ActiveCfg = Release|Any CPU
		{CF116EA5-6FE7-4F8B-B5E9-867B35E1928A}.Release|Any CPU.Build.0 = Release|Any CPU
		{CF116EA5-6FE7-4F8B-B5E9-867B35E1928A}.Release|x64.ActiveCfg = Release|Any CPU
		{CF116EA5-6FE7-4F8B-B5E9-867B35E1928A}.Release|x64.Build.0 = Release|Any CPU
		{CF116EA5-6FE7-4F8B-B5E9-867B35E1928A}.Release|x86.ActiveCfg = Release|Any CPU
		{CF116EA5-6FE7-4F8B-B5E9-867B35E1928A}.Release|x86.Build.0 = Release|Any CPU
	EndGlobalSection
	GlobalSection(SolutionProperties) = preSolution
		HideSolutionNode = FALSE
	EndGlobalSection
	GlobalSection(ExtensibilityGlobals) = postSolution
		SolutionGuid = {D408C953-2D60-45FD-A5FB-EB792C555F4B}
	EndGlobalSection
EndGlobal
